
Microsoft Visual Studio Solution File, Format Version 12.00
# Visual Studio 15
Project("{FAE04EC0-301F-11D3-BF4B-00C04F79EFBC}") = "DecentralizedIDContract", "DecentralizedIDContract\DecentralizedIDContract.csproj", "{C99F5AB2-D4A6-4F78-AC8E-6DB36E48B373}"
EndProject
Project("{2150E333-8FDC-42A3-9474-1A3956D46DE8}") = "Solution Items", "Solution Items", "{FFEEFD1B-9A31-45F1-8A8A-0C23C8BB193F}"
	ProjectSection(SolutionItems) = preProject
		README.md = README.md
	EndProjectSection
EndProject
Project("{FAE04EC0-301F-11D3-BF4B-00C04F79EFBC}") = "DecentralizedIDContract.Tests", "DecentralizedIDContract.Tests\DecentralizedIDContract.Tests.csproj", "{E01DA16A-6A2C-4560-9B8D-6177F7D375CE}"
EndProject
Global
	GlobalSection(SolutionConfigurationPlatforms) = preSolution
		Debug|Any CPU = Debug|Any CPU
		Release|Any CPU = Release|Any CPU
	EndGlobalSection
	GlobalSection(ProjectConfigurationPlatforms) = postSolution
		{C99F5AB2-D4A6-4F78-AC8E-6DB36E48B373}.Debug|Any CPU.ActiveCfg = Debug|Any CPU
		{C99F5AB2-D4A6-4F78-AC8E-6DB36E48B373}.Debug|Any CPU.Build.0 = Debug|Any CPU
		{C99F5AB2-D4A6-4F78-AC8E-6DB36E48B373}.Release|Any CPU.ActiveCfg = Release|Any CPU
		{C99F5AB2-D4A6-4F78-AC8E-6DB36E48B373}.Release|Any CPU.Build.0 = Release|Any CPU
		{E01DA16A-6A2C-4560-9B8D-6177F7D375CE}.Debug|Any CPU.ActiveCfg = Debug|Any CPU
		{E01DA16A-6A2C-4560-9B8D-6177F7D375CE}.Debug|Any CPU.Build.0 = Debug|Any CPU
		{E01DA16A-6A2C-4560-9B8D-6177F7D375CE}.Release|Any CPU.ActiveCfg = Release|Any CPU
		{E01DA16A-6A2C-4560-9B8D-6177F7D375CE}.Release|Any CPU.Build.0 = Release|Any CPU
	EndGlobalSection
EndGlobal
