
Microsoft Visual Studio Solution File, Format Version 12.00
# Visual Studio Version 16
VisualStudioVersion = 16.0.29209.62
MinimumVisualStudioVersion = 10.0.40219.1
Project("{FAE04EC0-301F-11D3-BF4B-00C04F79EFBC}") = "DefectiveComponentCounterContract", "DefectiveComponentCounterContract\DefectiveComponentCounterContract.csproj", "{067E8928-71AB-4C64-A198-030C1ED216A2}"
EndProject
Project("{FAE04EC0-301F-11D3-BF4B-00C04F79EFBC}") = "DefectiveComponentCounterContract.Tests", "DefectiveComponentCounterContract.Tests\DefectiveComponentCounterContract.Tests.csproj", "{412D7EBB-49BD-41BE-BE81-B40751299412}"
EndProject
Global
	GlobalSection(SolutionConfigurationPlatforms) = preSolution
		Debug|Any CPU = Debug|Any CPU
		Release|Any CPU = Release|Any CPU
	EndGlobalSection
	GlobalSection(ProjectConfigurationPlatforms) = postSolution
		{067E8928-71AB-4C64-A198-030C1ED216A2}.Debug|Any CPU.ActiveCfg = Debug|Any CPU
		{067E8928-71AB-4C64-A198-030C1ED216A2}.Debug|Any CPU.Build.0 = Debug|Any CPU
		{067E8928-71AB-4C64-A198-030C1ED216A2}.Release|Any CPU.ActiveCfg = Release|Any CPU
		{067E8928-71AB-4C64-A198-030C1ED216A2}.Release|Any CPU.Build.0 = Release|Any CPU
		{412D7EBB-49BD-41BE-BE81-B40751299412}.Debug|Any CPU.ActiveCfg = Debug|Any CPU
		{412D7EBB-49BD-41BE-BE81-B40751299412}.Debug|Any CPU.Build.0 = Debug|Any CPU
		{412D7EBB-49BD-41BE-BE81-B40751299412}.Release|Any CPU.ActiveCfg = Release|Any CPU
		{412D7EBB-49BD-41BE-BE81-B40751299412}.Release|Any CPU.Build.0 = Release|Any CPU
	EndGlobalSection
	GlobalSection(SolutionProperties) = preSolution
		HideSolutionNode = FALSE
	EndGlobalSection
	GlobalSection(ExtensibilityGlobals) = postSolution
		SolutionGuid = {05C76ED8-ED97-4B8D-B0F3-FD3F96E72850}
	EndGlobalSection
EndGlobal
