
Microsoft Visual Studio Solution File, Format Version 12.00
# Visual Studio Version 16
VisualStudioVersion = 16.0.29201.188
MinimumVisualStudioVersion = 10.0.40219.1
Project("{9A19103F-16F7-4668-BE54-9A1E7A4F7556}") = "BazaarItemListingContract", "BazaarItemListingContract\BazaarItemListingContract.csproj", "{971F7F29-2A28-46C4-AB37-3A9A043C2C34}"
EndProject
Project("{FAE04EC0-301F-11D3-BF4B-00C04F79EFBC}") = "BazaarItemListingContract.Tests", "BazaarItemListingContract.Tests\BazaarItemListingContract.Tests.csproj", "{3AEC34BC-76AE-49B3-B8E7-CC36051FDB3C}"
EndProject
Global
	GlobalSection(SolutionConfigurationPlatforms) = preSolution
		Debug|Any CPU = Debug|Any CPU
		Release|Any CPU = Release|Any CPU
	EndGlobalSection
	GlobalSection(ProjectConfigurationPlatforms) = postSolution
		{971F7F29-2A28-46C4-AB37-3A9A043C2C34}.Debug|Any CPU.ActiveCfg = Debug|Any CPU
		{971F7F29-2A28-46C4-AB37-3A9A043C2C34}.Debug|Any CPU.Build.0 = Debug|Any CPU
		{971F7F29-2A28-46C4-AB37-3A9A043C2C34}.Release|Any CPU.ActiveCfg = Release|Any CPU
		{971F7F29-2A28-46C4-AB37-3A9A043C2C34}.Release|Any CPU.Build.0 = Release|Any CPU
		{3AEC34BC-76AE-49B3-B8E7-CC36051FDB3C}.Debug|Any CPU.ActiveCfg = Debug|Any CPU
		{3AEC34BC-76AE-49B3-B8E7-CC36051FDB3C}.Debug|Any CPU.Build.0 = Debug|Any CPU
		{3AEC34BC-76AE-49B3-B8E7-CC36051FDB3C}.Release|Any CPU.ActiveCfg = Release|Any CPU
		{3AEC34BC-76AE-49B3-B8E7-CC36051FDB3C}.Release|Any CPU.Build.0 = Release|Any CPU
	EndGlobalSection
	GlobalSection(SolutionProperties) = preSolution
		HideSolutionNode = FALSE
	EndGlobalSection
	GlobalSection(ExtensibilityGlobals) = postSolution
		SolutionGuid = {64E414FC-9D78-424F-823A-58F878FA9C01}
	EndGlobalSection
EndGlobal
