
Microsoft Visual Studio Solution File, Format Version 12.00
# Visual Studio Version 16
VisualStudioVersion = 16.0.29503.13
MinimumVisualStudioVersion = 10.0.40219.1
Project("{9A19103F-16F7-4668-BE54-9A1E7A4F7556}") = "StratisSignContract.Tests", "StratisSignContract.Tests\StratisSignContract.Tests.csproj", "{C86D8710-1E73-4C4D-BD2D-351B45268913}"
EndProject
Project("{9A19103F-16F7-4668-BE54-9A1E7A4F7556}") = "StratisSignContract", "StratisSignContract\StratisSignContract.csproj", "{6D8B7F87-7F0B-4845-B890-7D04B6AF5842}"
EndProject
Global
	GlobalSection(SolutionConfigurationPlatforms) = preSolution
		Debug|Any CPU = Debug|Any CPU
		Release|Any CPU = Release|Any CPU
	EndGlobalSection
	GlobalSection(ProjectConfigurationPlatforms) = postSolution
		{C86D8710-1E73-4C4D-BD2D-351B45268913}.Debug|Any CPU.ActiveCfg = Debug|Any CPU
		{C86D8710-1E73-4C4D-BD2D-351B45268913}.Debug|Any CPU.Build.0 = Debug|Any CPU
		{C86D8710-1E73-4C4D-BD2D-351B45268913}.Release|Any CPU.ActiveCfg = Release|Any CPU
		{C86D8710-1E73-4C4D-BD2D-351B45268913}.Release|Any CPU.Build.0 = Release|Any CPU
		{6D8B7F87-7F0B-4845-B890-7D04B6AF5842}.Debug|Any CPU.ActiveCfg = Debug|Any CPU
		{6D8B7F87-7F0B-4845-B890-7D04B6AF5842}.Debug|Any CPU.Build.0 = Debug|Any CPU
		{6D8B7F87-7F0B-4845-B890-7D04B6AF5842}.Release|Any CPU.ActiveCfg = Release|Any CPU
		{6D8B7F87-7F0B-4845-B890-7D04B6AF5842}.Release|Any CPU.Build.0 = Release|Any CPU
	EndGlobalSection
	GlobalSection(SolutionProperties) = preSolution
		HideSolutionNode = FALSE
	EndGlobalSection
	GlobalSection(ExtensibilityGlobals) = postSolution
		SolutionGuid = {C21A6FD7-9451-457F-A597-0F39C06C0C58}
	EndGlobalSection
EndGlobal
