
Microsoft Visual Studio Solution File, Format Version 12.00
# Visual Studio Version 16
VisualStudioVersion = 16.0.29201.188
MinimumVisualStudioVersion = 10.0.40219.1
Project("{9A19103F-16F7-4668-BE54-9A1E7A4F7556}") = "Thermostat", "Thermostat\Thermostat\Thermostat.csproj", "{ED463AB1-4ADA-4030-8694-C37029B1A6C1}"
EndProject
Project("{FAE04EC0-301F-11D3-BF4B-00C04F79EFBC}") = "Thermostat.Tests", "Thermostat.Tests\Thermostat.Tests.csproj", "{96DD97D6-BBE9-40B8-9984-8F7C36A7156A}"
EndProject
Global
	GlobalSection(SolutionConfigurationPlatforms) = preSolution
		Debug|Any CPU = Debug|Any CPU
		Release|Any CPU = Release|Any CPU
	EndGlobalSection
	GlobalSection(ProjectConfigurationPlatforms) = postSolution
		{ED463AB1-4ADA-4030-8694-C37029B1A6C1}.Debug|Any CPU.ActiveCfg = Debug|Any CPU
		{ED463AB1-4ADA-4030-8694-C37029B1A6C1}.Debug|Any CPU.Build.0 = Debug|Any CPU
		{ED463AB1-4ADA-4030-8694-C37029B1A6C1}.Release|Any CPU.ActiveCfg = Release|Any CPU
		{ED463AB1-4ADA-4030-8694-C37029B1A6C1}.Release|Any CPU.Build.0 = Release|Any CPU
		{96DD97D6-BBE9-40B8-9984-8F7C36A7156A}.Debug|Any CPU.ActiveCfg = Debug|Any CPU
		{96DD97D6-BBE9-40B8-9984-8F7C36A7156A}.Debug|Any CPU.Build.0 = Debug|Any CPU
		{96DD97D6-BBE9-40B8-9984-8F7C36A7156A}.Release|Any CPU.ActiveCfg = Release|Any CPU
		{96DD97D6-BBE9-40B8-9984-8F7C36A7156A}.Release|Any CPU.Build.0 = Release|Any CPU
	EndGlobalSection
	GlobalSection(SolutionProperties) = preSolution
		HideSolutionNode = FALSE
	EndGlobalSection
	GlobalSection(ExtensibilityGlobals) = postSolution
		SolutionGuid = {FD8CE46B-3388-4DEB-903A-43C185A4B187}
	EndGlobalSection
EndGlobal
