
Microsoft Visual Studio Solution File, Format Version 12.00
# Visual Studio Version 16
VisualStudioVersion = 16.0.29519.87
MinimumVisualStudioVersion = 15.0.26124.0
Project("{9A19103F-16F7-4668-BE54-9A1E7A4F7556}") = "Ticketbooth.Contract.Tests", "test\Ticketbooth.Contract.Tests\Ticketbooth.Contract.Tests.csproj", "{6F430255-1319-4DC2-943D-9900D43AF165}"
EndProject
Project("{9A19103F-16F7-4668-BE54-9A1E7A4F7556}") = "Ticketbooth.Contract", "src\Ticketbooth.Contract\Ticketbooth.Contract.csproj", "{E0802015-EE96-4141-9A22-629C499647D3}"
EndProject
Project("{9A19103F-16F7-4668-BE54-9A1E7A4F7556}") = "Ticketbooth.Api", "src\Ticketbooth.Api\Ticketbooth.Api.csproj", "{2862AE94-8653-401D-87CD-3159DC10EAF2}"
EndProject
Project("{9A19103F-16F7-4668-BE54-9A1E7A4F7556}") = "Ticketbooth.FullNode", "src\Ticketbooth.FullNode\Ticketbooth.FullNode.csproj", "{A6A95E64-5B6D-46B9-A3EF-2B06048B924D}"
EndProject
Project("{9A19103F-16F7-4668-BE54-9A1E7A4F7556}") = "Ticketbooth.Api.Tests", "test\Ticketbooth.Api.Tests\Ticketbooth.Api.Tests.csproj", "{E882E059-0CC9-4D1F-8C6F-A7C9EC0DF6BB}"
EndProject
Global
	GlobalSection(SolutionConfigurationPlatforms) = preSolution
		Debug|Any CPU = Debug|Any CPU
		Debug|x64 = Debug|x64
		Debug|x86 = Debug|x86
		Release|Any CPU = Release|Any CPU
		Release|x64 = Release|x64
		Release|x86 = Release|x86
	EndGlobalSection
	GlobalSection(ProjectConfigurationPlatforms) = postSolution
		{6F430255-1319-4DC2-943D-9900D43AF165}.Debug|Any CPU.ActiveCfg = Debug|Any CPU
		{6F430255-1319-4DC2-943D-9900D43AF165}.Debug|Any CPU.Build.0 = Debug|Any CPU
		{6F430255-1319-4DC2-943D-9900D43AF165}.Debug|x64.ActiveCfg = Debug|Any CPU
		{6F430255-1319-4DC2-943D-9900D43AF165}.Debug|x64.Build.0 = Debug|Any CPU
		{6F430255-1319-4DC2-943D-9900D43AF165}.Debug|x86.ActiveCfg = Debug|Any CPU
		{6F430255-1319-4DC2-943D-9900D43AF165}.Debug|x86.Build.0 = Debug|Any CPU
		{6F430255-1319-4DC2-943D-9900D43AF165}.Release|Any CPU.ActiveCfg = Release|Any CPU
		{6F430255-1319-4DC2-943D-9900D43AF165}.Release|Any CPU.Build.0 = Release|Any CPU
		{6F430255-1319-4DC2-943D-9900D43AF165}.Release|x64.ActiveCfg = Release|Any CPU
		{6F430255-1319-4DC2-943D-9900D43AF165}.Release|x64.Build.0 = Release|Any CPU
		{6F430255-1319-4DC2-943D-9900D43AF165}.Release|x86.ActiveCfg = Release|Any CPU
		{6F430255-1319-4DC2-943D-9900D43AF165}.Release|x86.Build.0 = Release|Any CPU
		{E0802015-EE96-4141-9A22-629C499647D3}.Debug|Any CPU.ActiveCfg = Debug|Any CPU
		{E0802015-EE96-4141-9A22-629C499647D3}.Debug|Any CPU.Build.0 = Debug|Any CPU
		{E0802015-EE96-4141-9A22-629C499647D3}.Debug|x64.ActiveCfg = Debug|Any CPU
		{E0802015-EE96-4141-9A22-629C499647D3}.Debug|x64.Build.0 = Debug|Any CPU
		{E0802015-EE96-4141-9A22-629C499647D3}.Debug|x86.ActiveCfg = Debug|Any CPU
		{E0802015-EE96-4141-9A22-629C499647D3}.Debug|x86.Build.0 = Debug|Any CPU
		{E0802015-EE96-4141-9A22-629C499647D3}.Release|Any CPU.ActiveCfg = Release|Any CPU
		{E0802015-EE96-4141-9A22-629C499647D3}.Release|Any CPU.Build.0 = Release|Any CPU
		{E0802015-EE96-4141-9A22-629C499647D3}.Release|x64.ActiveCfg = Release|Any CPU
		{E0802015-EE96-4141-9A22-629C499647D3}.Release|x64.Build.0 = Release|Any CPU
		{E0802015-EE96-4141-9A22-629C499647D3}.Release|x86.ActiveCfg = Release|Any CPU
		{E0802015-EE96-4141-9A22-629C499647D3}.Release|x86.Build.0 = Release|Any CPU
		{2862AE94-8653-401D-87CD-3159DC10EAF2}.Debug|Any CPU.ActiveCfg = Debug|Any CPU
		{2862AE94-8653-401D-87CD-3159DC10EAF2}.Debug|Any CPU.Build.0 = Debug|Any CPU
		{2862AE94-8653-401D-87CD-3159DC10EAF2}.Debug|x64.ActiveCfg = Debug|Any CPU
		{2862AE94-8653-401D-87CD-3159DC10EAF2}.Debug|x64.Build.0 = Debug|Any CPU
		{2862AE94-8653-401D-87CD-3159DC10EAF2}.Debug|x86.ActiveCfg = Debug|Any CPU
		{2862AE94-8653-401D-87CD-3159DC10EAF2}.Debug|x86.Build.0 = Debug|Any CPU
		{2862AE94-8653-401D-87CD-3159DC10EAF2}.Release|Any CPU.ActiveCfg = Release|Any CPU
		{2862AE94-8653-401D-87CD-3159DC10EAF2}.Release|Any CPU.Build.0 = Release|Any CPU
		{2862AE94-8653-401D-87CD-3159DC10EAF2}.Release|x64.ActiveCfg = Release|Any CPU
		{2862AE94-8653-401D-87CD-3159DC10EAF2}.Release|x64.Build.0 = Release|Any CPU
		{2862AE94-8653-401D-87CD-3159DC10EAF2}.Release|x86.ActiveCfg = Release|Any CPU
		{2862AE94-8653-401D-87CD-3159DC10EAF2}.Release|x86.Build.0 = Release|Any CPU
		{A6A95E64-5B6D-46B9-A3EF-2B06048B924D}.Debug|Any CPU.ActiveCfg = Debug|Any CPU
		{A6A95E64-5B6D-46B9-A3EF-2B06048B924D}.Debug|Any CPU.Build.0 = Debug|Any CPU
		{A6A95E64-5B6D-46B9-A3EF-2B06048B924D}.Debug|x64.ActiveCfg = Debug|Any CPU
		{A6A95E64-5B6D-46B9-A3EF-2B06048B924D}.Debug|x64.Build.0 = Debug|Any CPU
		{A6A95E64-5B6D-46B9-A3EF-2B06048B924D}.Debug|x86.ActiveCfg = Debug|Any CPU
		{A6A95E64-5B6D-46B9-A3EF-2B06048B924D}.Debug|x86.Build.0 = Debug|Any CPU
		{A6A95E64-5B6D-46B9-A3EF-2B06048B924D}.Release|Any CPU.ActiveCfg = Release|Any CPU
		{A6A95E64-5B6D-46B9-A3EF-2B06048B924D}.Release|Any CPU.Build.0 = Release|Any CPU
		{A6A95E64-5B6D-46B9-A3EF-2B06048B924D}.Release|x64.ActiveCfg = Release|Any CPU
		{A6A95E64-5B6D-46B9-A3EF-2B06048B924D}.Release|x64.Build.0 = Release|Any CPU
		{A6A95E64-5B6D-46B9-A3EF-2B06048B924D}.Release|x86.ActiveCfg = Release|Any CPU
		{A6A95E64-5B6D-46B9-A3EF-2B06048B924D}.Release|x86.Build.0 = Release|Any CPU
		{E882E059-0CC9-4D1F-8C6F-A7C9EC0DF6BB}.Debug|Any CPU.ActiveCfg = Debug|Any CPU
		{E882E059-0CC9-4D1F-8C6F-A7C9EC0DF6BB}.Debug|Any CPU.Build.0 = Debug|Any CPU
		{E882E059-0CC9-4D1F-8C6F-A7C9EC0DF6BB}.Debug|x64.ActiveCfg = Debug|Any CPU
		{E882E059-0CC9-4D1F-8C6F-A7C9EC0DF6BB}.Debug|x64.Build.0 = Debug|Any CPU
		{E882E059-0CC9-4D1F-8C6F-A7C9EC0DF6BB}.Debug|x86.ActiveCfg = Debug|Any CPU
		{E882E059-0CC9-4D1F-8C6F-A7C9EC0DF6BB}.Debug|x86.Build.0 = Debug|Any CPU
		{E882E059-0CC9-4D1F-8C6F-A7C9EC0DF6BB}.Release|Any CPU.ActiveCfg = Release|Any CPU
		{E882E059-0CC9-4D1F-8C6F-A7C9EC0DF6BB}.Release|Any CPU.Build.0 = Release|Any CPU
		{E882E059-0CC9-4D1F-8C6F-A7C9EC0DF6BB}.Release|x64.ActiveCfg = Release|Any CPU
		{E882E059-0CC9-4D1F-8C6F-A7C9EC0DF6BB}.Release|x64.Build.0 = Release|Any CPU
		{E882E059-0CC9-4D1F-8C6F-A7C9EC0DF6BB}.Release|x86.ActiveCfg = Release|Any CPU
		{E882E059-0CC9-4D1F-8C6F-A7C9EC0DF6BB}.Release|x86.Build.0 = Release|Any CPU
	EndGlobalSection
	GlobalSection(SolutionProperties) = preSolution
		HideSolutionNode = FALSE
	EndGlobalSection
	GlobalSection(ExtensibilityGlobals) = postSolution
		SolutionGuid = {3C03C903-D105-402B-A749-56E30C807883}
	EndGlobalSection
EndGlobal
